
Microsoft Visual Studio Solution File, Format Version 12.00
# Visual Studio Version 17
VisualStudioVersion = 17.0.31903.59
MinimumVisualStudioVersion = 10.0.40219.1
Project("{FAE04EC0-301F-11D3-BF4B-00C04F79EFBC}") = "Estoque.API", "Estoque.API\Estoque.API.csproj", "{2B285F17-B3BB-49A7-B12C-A7EFB2BFFBD4}"
EndProject
Project("{FAE04EC0-301F-11D3-BF4B-00C04F79EFBC}") = "Vendas.API", "Vendas.API\Vendas.API.csproj", "{037F0010-B0E6-42C4-9BAA-6553C4F47B4A}"
EndProject
Project("{FAE04EC0-301F-11D3-BF4B-00C04F79EFBC}") = "ApiGateway", "ApiGateway\ApiGateway.csproj", "{48C03557-DF9F-4EB1-BDD9-AE92FC34C31E}"
EndProject
Global
	GlobalSection(SolutionConfigurationPlatforms) = preSolution
		Debug|Any CPU = Debug|Any CPU
		Release|Any CPU = Release|Any CPU
	EndGlobalSection
	GlobalSection(SolutionProperties) = preSolution
		HideSolutionNode = FALSE
	EndGlobalSection
	GlobalSection(ProjectConfigurationPlatforms) = postSolution
		{2B285F17-B3BB-49A7-B12C-A7EFB2BFFBD4}.Debug|Any CPU.ActiveCfg = Debug|Any CPU
		{2B285F17-B3BB-49A7-B12C-A7EFB2BFFBD4}.Debug|Any CPU.Build.0 = Debug|Any CPU
		{2B285F17-B3BB-49A7-B12C-A7EFB2BFFBD4}.Release|Any CPU.ActiveCfg = Release|Any CPU
		{2B285F17-B3BB-49A7-B12C-A7EFB2BFFBD4}.Release|Any CPU.Build.0 = Release|Any CPU
		{037F0010-B0E6-42C4-9BAA-6553C4F47B4A}.Debug|Any CPU.ActiveCfg = Debug|Any CPU
		{037F0010-B0E6-42C4-9BAA-6553C4F47B4A}.Debug|Any CPU.Build.0 = Debug|Any CPU
		{037F0010-B0E6-42C4-9BAA-6553C4F47B4A}.Release|Any CPU.ActiveCfg = Release|Any CPU
		{037F0010-B0E6-42C4-9BAA-6553C4F47B4A}.Release|Any CPU.Build.0 = Release|Any CPU
		{48C03557-DF9F-4EB1-BDD9-AE92FC34C31E}.Debug|Any CPU.ActiveCfg = Debug|Any CPU
		{48C03557-DF9F-4EB1-BDD9-AE92FC34C31E}.Debug|Any CPU.Build.0 = Debug|Any CPU
		{48C03557-DF9F-4EB1-BDD9-AE92FC34C31E}.Release|Any CPU.ActiveCfg = Release|Any CPU
		{48C03557-DF9F-4EB1-BDD9-AE92FC34C31E}.Release|Any CPU.Build.0 = Release|Any CPU
	EndGlobalSection
EndGlobal
